
Microsoft Visual Studio Solution File, Format Version 12.00
# Visual Studio 15
VisualStudioVersion = 15.0.27004.2008
MinimumVisualStudioVersion = 10.0.40219.1
Project("{9A19103F-16F7-4668-BE54-9A1E7A4F7556}") = "PaprikaFunctionsApp", "PaprikaFunctionsApp\PaprikaFunctionsApp.csproj", "{BB33A0A3-0F47-4D17-9F61-CD5118F11D57}"
EndProject
Project("{9A19103F-16F7-4668-BE54-9A1E7A4F7556}") = "PaprikaFunctionsApp.Common", "PaprikaFunctionsApp.Common\PaprikaFunctionsApp.Common.csproj", "{08E3895C-7892-4517-8A7C-9A4A0F8D8E90}"
EndProject
Project("{9A19103F-16F7-4668-BE54-9A1E7A4F7556}") = "PaprikaFunctionsApp.Migrations", "PaprikaFunctionsApp.Migrations\PaprikaFunctionsApp.Migrations.csproj", "{19103E67-FA32-4487-A89C-3FFE0107E4C3}"
EndProject
Project("{2150E333-8FDC-42A3-9474-1A3956D46DE8}") = "PaprikaFunctionsApp.Web", "PaprikaFunctionsApp.Web", "{14350E10-D0DE-4DD6-807C-E85EEC455B7F}"
	ProjectSection(SolutionItems) = preProject
		PaprikaFunctionsApp.Web\index.htm = PaprikaFunctionsApp.Web\index.htm
		PaprikaFunctionsApp.Web\jquery-2.2.4.min.js = PaprikaFunctionsApp.Web\jquery-2.2.4.min.js
	EndProjectSection
EndProject
Global
	GlobalSection(SolutionConfigurationPlatforms) = preSolution
		Debug|Any CPU = Debug|Any CPU
		Release|Any CPU = Release|Any CPU
	EndGlobalSection
	GlobalSection(ProjectConfigurationPlatforms) = postSolution
		{BB33A0A3-0F47-4D17-9F61-CD5118F11D57}.Debug|Any CPU.ActiveCfg = Debug|Any CPU
		{BB33A0A3-0F47-4D17-9F61-CD5118F11D57}.Debug|Any CPU.Build.0 = Debug|Any CPU
		{BB33A0A3-0F47-4D17-9F61-CD5118F11D57}.Release|Any CPU.ActiveCfg = Release|Any CPU
		{BB33A0A3-0F47-4D17-9F61-CD5118F11D57}.Release|Any CPU.Build.0 = Release|Any CPU
		{08E3895C-7892-4517-8A7C-9A4A0F8D8E90}.Debug|Any CPU.ActiveCfg = Debug|Any CPU
		{08E3895C-7892-4517-8A7C-9A4A0F8D8E90}.Debug|Any CPU.Build.0 = Debug|Any CPU
		{08E3895C-7892-4517-8A7C-9A4A0F8D8E90}.Release|Any CPU.ActiveCfg = Release|Any CPU
		{08E3895C-7892-4517-8A7C-9A4A0F8D8E90}.Release|Any CPU.Build.0 = Release|Any CPU
		{19103E67-FA32-4487-A89C-3FFE0107E4C3}.Debug|Any CPU.ActiveCfg = Debug|Any CPU
		{19103E67-FA32-4487-A89C-3FFE0107E4C3}.Debug|Any CPU.Build.0 = Debug|Any CPU
		{19103E67-FA32-4487-A89C-3FFE0107E4C3}.Release|Any CPU.ActiveCfg = Release|Any CPU
		{19103E67-FA32-4487-A89C-3FFE0107E4C3}.Release|Any CPU.Build.0 = Release|Any CPU
	EndGlobalSection
	GlobalSection(SolutionProperties) = preSolution
		HideSolutionNode = FALSE
	EndGlobalSection
	GlobalSection(ExtensibilityGlobals) = postSolution
		SolutionGuid = {3508F1D8-64FF-4555-B9E9-8413C464EF1F}
	EndGlobalSection
EndGlobal
