
Microsoft Visual Studio Solution File, Format Version 12.00
# Visual Studio 15
VisualStudioVersion = 15.0.27004.2008
MinimumVisualStudioVersion = 10.0.40219.1
Project("{9A19103F-16F7-4668-BE54-9A1E7A4F7556}") = "PaprikaFunctionsApp", "PaprikaFunctionsApp\PaprikaFunctionsApp.csproj", "{BB33A0A3-0F47-4D17-9F61-CD5118F11D57}"
EndProject
Project("{9A19103F-16F7-4668-BE54-9A1E7A4F7556}") = "PaprikaFunctionsApp.Common", "PaprikaFunctionsApp.Common\PaprikaFunctionsApp.Common.csproj", "{08E3895C-7892-4517-8A7C-9A4A0F8D8E90}"
EndProject
Project("{9A19103F-16F7-4668-BE54-9A1E7A4F7556}") = "PaprikaFunctionsApp.Migrations", "PaprikaFunctionsApp.Migrations\PaprikaFunctionsApp.Migrations.csproj", "{19103E67-FA32-4487-A89C-3FFE0107E4C3}"
EndProject
Project("{E24C65DC-7377-472B-9ABA-BC803B73C61A}") = "PaprikaFunctionsApp.Web", "PaprikaFunctionsApp.Web\", "{3E56B629-3F7A-421F-B7A4-07E2A9273A56}"
	ProjectSection(WebsiteProperties) = preProject
		TargetFrameworkMoniker = ".NETFramework,Version%3Dv4.6.1"
		Debug.AspNetCompiler.VirtualPath = "/localhost_54208"
		Debug.AspNetCompiler.PhysicalPath = "PaprikaFunctionsApp.Web\"
		Debug.AspNetCompiler.TargetPath = "PrecompiledWeb\localhost_54208\"
		Debug.AspNetCompiler.Updateable = "true"
		Debug.AspNetCompiler.ForceOverwrite = "true"
		Debug.AspNetCompiler.FixedNames = "false"
		Debug.AspNetCompiler.Debug = "True"
		Release.AspNetCompiler.VirtualPath = "/localhost_54208"
		Release.AspNetCompiler.PhysicalPath = "PaprikaFunctionsApp.Web\"
		Release.AspNetCompiler.TargetPath = "PrecompiledWeb\localhost_54208\"
		Release.AspNetCompiler.Updateable = "true"
		Release.AspNetCompiler.ForceOverwrite = "true"
		Release.AspNetCompiler.FixedNames = "false"
		Release.AspNetCompiler.Debug = "False"
		VWDPort = "54208"
		SlnRelativePath = "PaprikaFunctionsApp.Web\"
		DefaultWebSiteLanguage = "Visual C#"
	EndProjectSection
EndProject
Global
	GlobalSection(SolutionConfigurationPlatforms) = preSolution
		Debug|Any CPU = Debug|Any CPU
		Release|Any CPU = Release|Any CPU
	EndGlobalSection
	GlobalSection(ProjectConfigurationPlatforms) = postSolution
		{BB33A0A3-0F47-4D17-9F61-CD5118F11D57}.Debug|Any CPU.ActiveCfg = Debug|Any CPU
		{BB33A0A3-0F47-4D17-9F61-CD5118F11D57}.Debug|Any CPU.Build.0 = Debug|Any CPU
		{BB33A0A3-0F47-4D17-9F61-CD5118F11D57}.Release|Any CPU.ActiveCfg = Release|Any CPU
		{BB33A0A3-0F47-4D17-9F61-CD5118F11D57}.Release|Any CPU.Build.0 = Release|Any CPU
		{08E3895C-7892-4517-8A7C-9A4A0F8D8E90}.Debug|Any CPU.ActiveCfg = Debug|Any CPU
		{08E3895C-7892-4517-8A7C-9A4A0F8D8E90}.Debug|Any CPU.Build.0 = Debug|Any CPU
		{08E3895C-7892-4517-8A7C-9A4A0F8D8E90}.Release|Any CPU.ActiveCfg = Release|Any CPU
		{08E3895C-7892-4517-8A7C-9A4A0F8D8E90}.Release|Any CPU.Build.0 = Release|Any CPU
		{19103E67-FA32-4487-A89C-3FFE0107E4C3}.Debug|Any CPU.ActiveCfg = Debug|Any CPU
		{19103E67-FA32-4487-A89C-3FFE0107E4C3}.Debug|Any CPU.Build.0 = Debug|Any CPU
		{19103E67-FA32-4487-A89C-3FFE0107E4C3}.Release|Any CPU.ActiveCfg = Release|Any CPU
		{19103E67-FA32-4487-A89C-3FFE0107E4C3}.Release|Any CPU.Build.0 = Release|Any CPU
		{3E56B629-3F7A-421F-B7A4-07E2A9273A56}.Debug|Any CPU.ActiveCfg = Debug|Any CPU
		{3E56B629-3F7A-421F-B7A4-07E2A9273A56}.Debug|Any CPU.Build.0 = Debug|Any CPU
		{3E56B629-3F7A-421F-B7A4-07E2A9273A56}.Release|Any CPU.ActiveCfg = Debug|Any CPU
		{3E56B629-3F7A-421F-B7A4-07E2A9273A56}.Release|Any CPU.Build.0 = Debug|Any CPU
	EndGlobalSection
	GlobalSection(SolutionProperties) = preSolution
		HideSolutionNode = FALSE
	EndGlobalSection
	GlobalSection(ExtensibilityGlobals) = postSolution
		SolutionGuid = {3508F1D8-64FF-4555-B9E9-8413C464EF1F}
	EndGlobalSection
EndGlobal
